
Microsoft Visual Studio Solution File, Format Version 12.00
# Visual Studio 15
Project("{FAE04EC0-301F-11D3-BF4B-00C04F79EFBC}") = "Assembly-CSharp", "Assembly-CSharp.csproj", "{9F84F40C-32C7-00F5-446F-1997A0318D62}"
EndProject
Project("{FAE04EC0-301F-11D3-BF4B-00C04F79EFBC}") = "LevelDesigner.Editor", "LevelDesigner.Editor.csproj", "{F293EC11-EA4D-7814-B3F3-AA933D9011DB}"
EndProject
Global
	GlobalSection(SolutionConfigurationPlatforms) = preSolution
		Debug|Any CPU = Debug|Any CPU
		Release|Any CPU = Release|Any CPU
	EndGlobalSection
	GlobalSection(ProjectConfigurationPlatforms) = postSolution
		{9F84F40C-32C7-00F5-446F-1997A0318D62}.Debug|Any CPU.ActiveCfg = Debug|Any CPU
		{9F84F40C-32C7-00F5-446F-1997A0318D62}.Debug|Any CPU.Build.0 = Debug|Any CPU
		{9F84F40C-32C7-00F5-446F-1997A0318D62}.Release|Any CPU.ActiveCfg = Release|Any CPU
		{9F84F40C-32C7-00F5-446F-1997A0318D62}.Release|Any CPU.Build.0 = Release|Any CPU
		{F293EC11-EA4D-7814-B3F3-AA933D9011DB}.Debug|Any CPU.ActiveCfg = Debug|Any CPU
		{F293EC11-EA4D-7814-B3F3-AA933D9011DB}.Debug|Any CPU.Build.0 = Debug|Any CPU
		{F293EC11-EA4D-7814-B3F3-AA933D9011DB}.Release|Any CPU.ActiveCfg = Release|Any CPU
		{F293EC11-EA4D-7814-B3F3-AA933D9011DB}.Release|Any CPU.Build.0 = Release|Any CPU
	EndGlobalSection
	GlobalSection(SolutionProperties) = preSolution
		HideSolutionNode = FALSE
	EndGlobalSection
EndGlobal
